<?xml version="1.0" encoding="UTF-8"?>
<Scheme
   LastUpgradeVersion = "1640"
   version = "1.7">
   <BuildAction
      parallelizeBuildables = "YES"
      buildImplicitDependencies = "YES"
      buildArchitectures = "Automatic">
      <BuildActionEntries>
         <BuildActionEntry
            buildForTesting = "YES"
            buildForRunning = "YES"
            buildForProfiling = "YES"
            buildForArchiving = "YES"
            buildForAnalyzing = "YES">
            <BuildableReference
               BuildableIdentifier = "primary"
               BlueprintIdentifier = "1234567890ABCDF8"
               BuildableName = "HeadwayClone.app"
               BlueprintName = "HeadwayClone"
               ReferencedContainer = "container:HeadwayClone.xcodeproj">
            </BuildableReference>
         </BuildActionEntry>
      </BuildActionEntries>
   </BuildAction>
   <TestAction
      buildConfiguration = "Debug"
      selectedDebuggerIdentifier = "Xcode.DebuggerFoundation.Debugger.LLDB"
      selectedLauncherIdentifier = "Xcode.DebuggerFoundation.Launcher.LLDB"
      shouldUseLaunchSchemeArgsEnv = "YES"
      shouldAutocreateTestPlan = "YES">
   </TestAction>
   <LaunchAction
      buildConfiguration = "Debug"
      selectedDebuggerIdentifier = "Xcode.DebuggerFoundation.Debugger.LLDB"
      selectedLauncherIdentifier = "Xcode.DebuggerFoundation.Launcher.LLDB"
      launchStyle = "0"
      useCustomWorkingDirectory = "NO"
      ignoresPersistentStateOnLaunch = "NO"
      debugDocumentVersioning = "YES"
      debugServiceExtension = "internal"
      allowLocationSimulation = "YES">
      <BuildableProductRunnable
         runnableDebuggingMode = "0">
         <BuildableReference
            BuildableIdentifier = "primary"
            BlueprintIdentifier = "1234567890ABCDF8"
            BuildableName = "HeadwayClone.app"
            BlueprintName = "HeadwayClone"
            ReferencedContainer = "container:HeadwayClone.xcodeproj">
         </BuildableReference>
      </BuildableProductRunnable>
      <EnvironmentVariables>
         <EnvironmentVariable
            key = "OPENAI_API_KEY"
            value = "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"
            isEnabled = "YES">
         </EnvironmentVariable>
         <EnvironmentVariable
            key = "ANTHROPIC_API_KEY"
            value = "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"
            isEnabled = "YES">
         </EnvironmentVariable>
      </EnvironmentVariables>
   </LaunchAction>
   <ProfileAction
      buildConfiguration = "Release"
      shouldUseLaunchSchemeArgsEnv = "YES"
      savedToolIdentifier = ""
      useCustomWorkingDirectory = "NO"
      debugDocumentVersioning = "YES">
      <BuildableProductRunnable
         runnableDebuggingMode = "0">
         <BuildableReference
            BuildableIdentifier = "primary"
            BlueprintIdentifier = "1234567890ABCDF8"
            BuildableName = "HeadwayClone.app"
            BlueprintName = "HeadwayClone"
            ReferencedContainer = "container:HeadwayClone.xcodeproj">
         </BuildableReference>
      </BuildableProductRunnable>
   </ProfileAction>
   <AnalyzeAction
      buildConfiguration = "Debug">
   </AnalyzeAction>
   <ArchiveAction
      buildConfiguration = "Release"
      revealArchiveInOrganizer = "YES">
   </ArchiveAction>
</Scheme>
