// !$*UTF8*$!
{
	archiveVersion = 1;
	classes = {
	};
	objectVersion = 56;
	objects = {

/* Begin PBXBuildFile section */
		1234567890ABCDEF /* PrecrastinationApp.swift in Sources */ = {isa = PBXBuildFile; fileRef = 1234567890ABCDE0 /* PrecrastinationApp.swift */; };
		1234567890ABCDF0 /* ContentView.swift in Sources */ = {isa = PBXBuildFile; fileRef = 1234567890ABCDE1 /* ContentView.swift */; };
		1234567890ABCDF1 /* AudioService.swift in Sources */ = {isa = PBXBuildFile; fileRef = 1234567890ABCDE2 /* AudioService.swift */; };
		1234567890ABCDF2 /* LLMService.swift in Sources */ = {isa = PBXBuildFile; fileRef = 1234567890ABCDE3 /* LLMService.swift */; };
        
	CED9EBB12E55555600B66F6A /* Alamofire in Frameworks */ = {isa = PBXBuildFile; productRef = ABCDEF12345678A /* Alamofire */; };
	CED9EBB32E5A484C00B66F6A /* BookTileView.swift in Sources */ = {isa = PBXBuildFile; fileRef = CED9EBB22E5A484B00B66F6A /* BookTileView.swift */; };
	CED9EBB42E5A484C00B66F6B /* Models/Book.swift in Sources */ = {isa = PBXBuildFile; fileRef = CED9EBB42E5A484B00B66F6B /* Models/Book.swift */; };
	CED9EBB52E5A484C00B66F6C /* BlurView.swift in Sources */ = {isa = PBXBuildFile; fileRef = CED9EBB52E5A484B00B66F6C /* BlurView.swift */; };
		CED9EBB62E5A484C00B66F6D /* CoverFetcher.swift in Sources */ = {isa = PBXBuildFile; fileRef = CED9EBB62E5A484B00B66F6D /* CoverFetcher.swift */; };
		CED9EBB72E5A484C00B66F6E /* CachedImageView.swift in Sources */ = {isa = PBXBuildFile; fileRef = CED9EBB72E5A484B00B66F6E /* CachedImageView.swift */; };
/* End PBXBuildFile section */

/* Begin PBXFileReference section */
		1234567890ABCDE0 /* PrecrastinationApp.swift */ = {isa = PBXFileReference; lastKnownFileType = sourcecode.swift; path = PrecrastinationApp.swift; sourceTree = "<group>"; };
		1234567890ABCDE1 /* ContentView.swift */ = {isa = PBXFileReference; lastKnownFileType = sourcecode.swift; path = ContentView.swift; sourceTree = "<group>"; };
		1234567890ABCDE2 /* AudioService.swift */ = {isa = PBXFileReference; lastKnownFileType = sourcecode.swift; path = AudioService.swift; sourceTree = "<group>"; };
		1234567890ABCDE3 /* LLMService.swift */ = {isa = PBXFileReference; lastKnownFileType = sourcecode.swift; path = LLMService.swift; sourceTree = "<group>"; };
        
		1234567890ABCDE5 /* Precrastination.app */ = {isa = PBXFileReference; explicitFileType = wrapper.application; includeInIndex = 0; path = Precrastination.app; sourceTree = BUILT_PRODUCTS_DIR; };
	CED9EBB22E5A484B00B66F6A /* BookTileView.swift */ = {isa = PBXFileReference; lastKnownFileType = sourcecode.swift; path = BookTileView.swift; sourceTree = "<group>"; };
	CED9EBB42E5A484B00B66F6B /* Models/Book.swift */ = {isa = PBXFileReference; lastKnownFileType = sourcecode.swift; path = Models/Book.swift; sourceTree = "<group>"; };
	CED9EBB52E5A484B00B66F6C /* BlurView.swift */ = {isa = PBXFileReference; lastKnownFileType = sourcecode.swift; path = BlurView.swift; sourceTree = "<group>"; };
		CED9EBB62E5A484B00B66F6D /* CoverFetcher.swift */ = {isa = PBXFileReference; lastKnownFileType = sourcecode.swift; path = CoverFetcher.swift; sourceTree = "<group>"; };
		CED9EBB72E5A484B00B66F6E /* CachedImageView.swift */ = {isa = PBXFileReference; lastKnownFileType = sourcecode.swift; path = CachedImageView.swift; sourceTree = "<group>"; };
/* End PBXFileReference section */

/* Begin PBXFrameworksBuildPhase section */
		1234567890ABCDF4 /* Frameworks */ = {
			isa = PBXFrameworksBuildPhase;
			buildActionMask = 2147483647;
			files = (
				CED9EBB12E55555600B66F6A /* Alamofire in Frameworks */,
			);
			runOnlyForDeploymentPostprocessing = 0;
		};
/* End PBXFrameworksBuildPhase section */

/* Begin PBXGroup section */
		1234567890ABCDF5 /* . */ = {
			isa = PBXGroup;
			children = (
				CED9EBB22E5A484B00B66F6A /* BookTileView.swift */,
				1234567890ABCDE0 /* PrecrastinationApp.swift */,
				1234567890ABCDE1 /* ContentView.swift */,
				1234567890ABCDE2 /* AudioService.swift */,
				1234567890ABCDE3 /* LLMService.swift */,
				CED9EBB42E5A484B00B66F6B /* Models/Book.swift */,
				CED9EBB52E5A484B00B66F6C /* BlurView.swift */,
				CED9EBB62E5A484B00B66F6D /* CoverFetcher.swift */,
				CED9EBB72E5A484B00B66F6E /* CachedImageView.swift */,
                
			);
			path = .;
			sourceTree = "<group>";
		};
		1234567890ABCDF6 /* Products */ = {
			isa = PBXGroup;
			children = (
				1234567890ABCDE5 /* Precrastination.app */,
			);
			name = Products;
			sourceTree = "<group>";
		};
		1234567890ABCDF7 = {
			isa = PBXGroup;
			children = (
				1234567890ABCDF5 /* . */,
				1234567890ABCDF6 /* Products */,
			);
			sourceTree = "<group>";
		};
/* End PBXGroup section */

/* Begin PBXNativeTarget section */
			1234567890ABCDF8 /* Precrastination */ = {
			isa = PBXNativeTarget;
			buildConfigurationList = 1234567890ABCDF9 /* Build configuration list for PBXNativeTarget "Precrastination" */;
			buildPhases = (
				1234567890ABCDFA /* Sources */,
				1234567890ABCDF4 /* Frameworks */,
			);
			buildRules = (
			);
			dependencies = (
			);
			name = Precrastination;
			packageProductDependencies = (
				ABCDEF12345678A /* Alamofire */,
			);
			productName = Precrastination;
			productReference = 1234567890ABCDE5 /* Precrastination.app */;
			productType = "com.apple.product-type.application";
		};
/* End PBXNativeTarget section */

/* Begin PBXProject section */
		1234567890ABCDFB /* Project object */ = {
			isa = PBXProject;
			attributes = {
				BuildIndependentTargetsInParallel = 1;
				LastSwiftUpdateCheck = 1500;
				LastUpgradeCheck = 1500;
				TargetAttributes = {
					1234567890ABCDF8 = {
						CreatedOnToolsVersion = 15.0;
					};
				};
			};
			buildConfigurationList = 1234567890ABCDFC /* Build configuration list for PBXProject "Precrastination" */;
			compatibilityVersion = "Xcode 14.0";
			developmentRegion = en;
			hasScannedForEncodings = 0;
			knownRegions = (
				en,
				Base,
			);
			mainGroup = 1234567890ABCDF7;
			packageReferences = (
				ABCDEF123456789 /* XCRemoteSwiftPackageReference "Alamofire" */,
			);
			productRefGroup = 1234567890ABCDF6 /* Products */;
			projectDirPath = "";
			projectRoot = "";
			targets = (
				1234567890ABCDF8 /* Precrastination */,
			);
		};
/* End PBXProject section */

/* Begin PBXSourcesBuildPhase section */
		1234567890ABCDFA /* Sources */ = {
			isa = PBXSourcesBuildPhase;
			buildActionMask = 2147483647;
			files = (
				1234567890ABCDEF /* PrecrastinationApp.swift in Sources */,
				CED9EBB32E5A484C00B66F6A /* BookTileView.swift in Sources */,
				1234567890ABCDF0 /* ContentView.swift in Sources */,
				1234567890ABCDF1 /* AudioService.swift in Sources */,
				1234567890ABCDF2 /* LLMService.swift in Sources */,
				CED9EBB42E5A484C00B66F6B /* Models/Book.swift in Sources */,
				CED9EBB52E5A484C00B66F6C /* BlurView.swift in Sources */,
				CED9EBB62E5A484C00B66F6D /* CoverFetcher.swift in Sources */,
				CED9EBB72E5A484C00B66F6E /* CachedImageView.swift in Sources */,
				
			);
			runOnlyForDeploymentPostprocessing = 0;
		};
/* End PBXSourcesBuildPhase section */

/* Begin XCBuildConfiguration section */
		1234567890ABCD00 /* Release */ = {
			isa = XCBuildConfiguration;
			buildSettings = {
				ASSETCATALOG_COMPILER_APPICON_NAME = AppIcon;
				ASSETCATALOG_COMPILER_GLOBAL_ACCENT_COLOR_NAME = AccentColor;
				CODE_SIGN_IDENTITY = "Apple Development";
				CODE_SIGN_STYLE = Automatic;
				CURRENT_PROJECT_VERSION = 1;
				DEVELOPMENT_ASSET_PATHS = "";
				DEVELOPMENT_TEAM = Q2KD25W395;
				ENABLE_PREVIEWS = YES;
				GENERATE_INFOPLIST_FILE = YES;
				INFOPLIST_KEY_UIApplicationSceneManifest_Generation = YES;
				INFOPLIST_KEY_UIApplicationSupportsIndirectInputEvents = YES;
				INFOPLIST_KEY_UILaunchScreen_Generation = YES;
				INFOPLIST_KEY_UISupportedInterfaceOrientations_iPad = "UIInterfaceOrientationPortrait UIInterfaceOrientationPortraitUpsideDown UIInterfaceOrientationLandscapeLeft UIInterfaceOrientationLandscapeRight";
				INFOPLIST_KEY_UISupportedInterfaceOrientations_iPhone = "UIInterfaceOrientationPortrait UIInterfaceOrientationLandscapeLeft UIInterfaceOrientationLandscapeRight";
				LD_RUNPATH_SEARCH_PATHS = (
					"$(inherited)",
					"@executable_path/Frameworks",
				);
				MARKETING_VERSION = 1.0;
					PRODUCT_BUNDLE_IDENTIFIER = com.aswin.precrastination;
				PRODUCT_NAME = "$(TARGET_NAME)";
				PROVISIONING_PROFILE_SPECIFIER = "";
				SWIFT_EMIT_LOC_STRINGS = YES;
				SWIFT_VERSION = 5.0;
				TARGETED_DEVICE_FAMILY = "1,2";
			};
			name = Release;
		};
		1234567890ABCDFD /* Debug */ = {
			isa = XCBuildConfiguration;
			buildSettings = {
				ALWAYS_SEARCH_USER_PATHS = NO;
				ASSETCATALOG_COMPILER_GENERATE_SWIFT_ASSET_SYMBOL_EXTENSIONS = YES;
				CLANG_ANALYZER_NONNULL = YES;
				CLANG_ANALYZER_NUMBER_OBJECT_CONVERSION = YES_AGGRESSIVE;
				CLANG_CXX_LANGUAGE_STANDARD = "gnu++20";
				CLANG_ENABLE_MODULES = YES;
				CLANG_ENABLE_OBJC_ARC = YES;
				CLANG_ENABLE_OBJC_WEAK = YES;
				CLANG_WARN_BLOCK_CAPTURE_AUTORELEASING = YES;
				CLANG_WARN_BOOL_CONVERSION = YES;
				CLANG_WARN_COMMA = YES;
				CLANG_WARN_CONSTANT_CONVERSION = YES;
				CLANG_WARN_DEPRECATED_OBJC_IMPLEMENTATIONS = YES;
				CLANG_WARN_DIRECT_OBJC_ISA_USAGE = YES_ERROR;
				CLANG_WARN_DOCUMENTATION_COMMENTS = YES;
				CLANG_WARN_EMPTY_BODY = YES;
				CLANG_WARN_ENUM_CONVERSION = YES;
				CLANG_WARN_INFINITE_RECURSION = YES;
				CLANG_WARN_INT_CONVERSION = YES;
				CLANG_WARN_NON_LITERAL_NULL_CONVERSION = YES;
				CLANG_WARN_OBJC_IMPLICIT_RETAIN_SELF = YES;
				CLANG_WARN_OBJC_LITERAL_CONVERSION = YES;
				CLANG_WARN_OBJC_ROOT_CLASS = YES_ERROR;
				CLANG_WARN_QUOTED_INCLUDE_IN_FRAMEWORK_HEADER = YES;
				CLANG_WARN_RANGE_LOOP_ANALYSIS = YES;
				CLANG_WARN_STRICT_PROTOTYPES = YES;
				CLANG_WARN_SUSPICIOUS_MOVE = YES;
				CLANG_WARN_UNGUARDED_AVAILABILITY = YES_AGGRESSIVE;
				CLANG_WARN_UNREACHABLE_CODE = YES;
				CLANG_WARN__DUPLICATE_METHOD_MATCH = YES;
				COPY_PHASE_STRIP = NO;
				DEBUG_INFORMATION_FORMAT = dwarf;
				ENABLE_STRICT_OBJC_MSGSEND = YES;
				ENABLE_TESTABILITY = YES;
				ENABLE_USER_SCRIPT_SANDBOXING = YES;
				GCC_C_LANGUAGE_STANDARD = gnu17;
				GCC_DYNAMIC_NO_PIC = NO;
				GCC_NO_COMMON_BLOCKS = YES;
				GCC_OPTIMIZATION_LEVEL = 0;
				GCC_PREPROCESSOR_DEFINITIONS = (
					"DEBUG=1",
					"$(inherited)",
				);
				GCC_WARN_64_TO_32_BIT_CONVERSION = YES;
				GCC_WARN_ABOUT_RETURN_TYPE = YES_ERROR;
				GCC_WARN_UNDECLARED_SELECTOR = YES;
				GCC_WARN_UNINITIALIZED_AUTOS = YES_AGGRESSIVE;
				GCC_WARN_UNUSED_FUNCTION = YES;
				GCC_WARN_UNUSED_VARIABLE = YES;
				IPHONEOS_DEPLOYMENT_TARGET = 17.0;
				LOCALIZATION_PREFERS_STRING_CATALOGS = YES;
				MTL_ENABLE_DEBUG_INFO = INCLUDE_SOURCE;
				MTL_FAST_MATH = YES;
				ONLY_ACTIVE_ARCH = YES;
				SDKROOT = iphoneos;
				SWIFT_ACTIVE_COMPILATION_CONDITIONS = "DEBUG $(inherited)";
				SWIFT_OPTIMIZATION_LEVEL = "-Onone";
			};
			name = Debug;
		};
		1234567890ABCDFE /* Release */ = {
			isa = XCBuildConfiguration;
			buildSettings = {
				ALWAYS_SEARCH_USER_PATHS = NO;
				ASSETCATALOG_COMPILER_GENERATE_SWIFT_ASSET_SYMBOL_EXTENSIONS = YES;
				CLANG_ANALYZER_NONNULL = YES;
				CLANG_ANALYZER_NUMBER_OBJECT_CONVERSION = YES_AGGRESSIVE;
				CLANG_CXX_LANGUAGE_STANDARD = "gnu++20";
				CLANG_ENABLE_MODULES = YES;
				CLANG_ENABLE_OBJC_ARC = YES;
				CLANG_ENABLE_OBJC_WEAK = YES;
				CLANG_WARN_BLOCK_CAPTURE_AUTORELEASING = YES;
				CLANG_WARN_BOOL_CONVERSION = YES;
				CLANG_WARN_COMMA = YES;
				CLANG_WARN_CONSTANT_CONVERSION = YES;
				CLANG_WARN_DEPRECATED_OBJC_IMPLEMENTATIONS = YES;
				CLANG_WARN_DIRECT_OBJC_ISA_USAGE = YES_ERROR;
				CLANG_WARN_DOCUMENTATION_COMMENTS = YES;
				CLANG_WARN_EMPTY_BODY = YES;
				CLANG_WARN_ENUM_CONVERSION = YES;
				CLANG_WARN_INFINITE_RECURSION = YES;
				CLANG_WARN_INT_CONVERSION = YES;
				CLANG_WARN_NON_LITERAL_NULL_CONVERSION = YES;
				CLANG_WARN_OBJC_IMPLICIT_RETAIN_SELF = YES;
				CLANG_WARN_OBJC_LITERAL_CONVERSION = YES;
				CLANG_WARN_OBJC_ROOT_CLASS = YES_ERROR;
				CLANG_WARN_QUOTED_INCLUDE_IN_FRAMEWORK_HEADER = YES;
				CLANG_WARN_RANGE_LOOP_ANALYSIS = YES;
				CLANG_WARN_STRICT_PROTOTYPES = YES;
				CLANG_WARN_SUSPICIOUS_MOVE = YES;
				CLANG_WARN_UNGUARDED_AVAILABILITY = YES_AGGRESSIVE;
				CLANG_WARN_UNREACHABLE_CODE = YES;
				CLANG_WARN__DUPLICATE_METHOD_MATCH = YES;
				COPY_PHASE_STRIP = NO;
				DEBUG_INFORMATION_FORMAT = "dwarf-with-dsym";
				ENABLE_NS_ASSERTIONS = NO;
				ENABLE_STRICT_OBJC_MSGSEND = YES;
				ENABLE_USER_SCRIPT_SANDBOXING = YES;
				GCC_C_LANGUAGE_STANDARD = gnu17;
				GCC_NO_COMMON_BLOCKS = YES;
				GCC_WARN_64_TO_32_BIT_CONVERSION = YES;
				GCC_WARN_ABOUT_RETURN_TYPE = YES_ERROR;
				GCC_WARN_UNDECLARED_SELECTOR = YES;
				GCC_WARN_UNINITIALIZED_AUTOS = YES_AGGRESSIVE;
				GCC_WARN_UNUSED_FUNCTION = YES;
				GCC_WARN_UNUSED_VARIABLE = YES;
				IPHONEOS_DEPLOYMENT_TARGET = 17.0;
				LOCALIZATION_PREFERS_STRING_CATALOGS = YES;
				MTL_ENABLE_DEBUG_INFO = NO;
				MTL_FAST_MATH = YES;
				SDKROOT = iphoneos;
				SWIFT_COMPILATION_MODE = wholemodule;
				VALIDATE_PRODUCT = YES;
			};
			name = Release;
		};
		1234567890ABCDFF /* Debug */ = {
			isa = XCBuildConfiguration;
			buildSettings = {
				ASSETCATALOG_COMPILER_APPICON_NAME = AppIcon;
				ASSETCATALOG_COMPILER_GLOBAL_ACCENT_COLOR_NAME = AccentColor;
				CODE_SIGN_IDENTITY = "Apple Development";
				CODE_SIGN_STYLE = Automatic;
				CURRENT_PROJECT_VERSION = 1;
				DEVELOPMENT_ASSET_PATHS = "";
				DEVELOPMENT_TEAM = Q2KD25W395;
				ENABLE_PREVIEWS = YES;
				GENERATE_INFOPLIST_FILE = YES;
				INFOPLIST_KEY_UIApplicationSceneManifest_Generation = YES;
				INFOPLIST_KEY_UIApplicationSupportsIndirectInputEvents = YES;
				INFOPLIST_KEY_UILaunchScreen_Generation = YES;
				INFOPLIST_KEY_UISupportedInterfaceOrientations_iPad = "UIInterfaceOrientationPortrait UIInterfaceOrientationPortraitUpsideDown UIInterfaceOrientationLandscapeLeft UIInterfaceOrientationLandscapeRight";
				INFOPLIST_KEY_UISupportedInterfaceOrientations_iPhone = "UIInterfaceOrientationPortrait UIInterfaceOrientationLandscapeLeft UIInterfaceOrientationLandscapeRight";
				LD_RUNPATH_SEARCH_PATHS = (
					"$(inherited)",
					"@executable_path/Frameworks",
				);
				MARKETING_VERSION = 1.0;
					PRODUCT_BUNDLE_IDENTIFIER = com.aswin.precrastination;
				PRODUCT_NAME = "$(TARGET_NAME)";
				PROVISIONING_PROFILE_SPECIFIER = "";
				SWIFT_EMIT_LOC_STRINGS = YES;
				SWIFT_VERSION = 5.0;
				TARGETED_DEVICE_FAMILY = "1,2";
			};
			name = Debug;
		};
/* End XCBuildConfiguration section */

/* Begin XCConfigurationList section */
		1234567890ABCDF9 /* Build configuration list for PBXNativeTarget "Precrastination" */ = {
			isa = XCConfigurationList;
			buildConfigurations = (
				1234567890ABCDFF /* Debug */,
				1234567890ABCD00 /* Release */,
			);
			defaultConfigurationIsVisible = 0;
			defaultConfigurationName = Release;
		};
		1234567890ABCDFC /* Build configuration list for PBXProject "Precrastination" */ = {
			isa = XCConfigurationList;
			buildConfigurations = (
				1234567890ABCDFD /* Debug */,
				1234567890ABCDFE /* Release */,
			);
			defaultConfigurationIsVisible = 0;
			defaultConfigurationName = Release;
		};
/* End XCConfigurationList section */

/* Begin XCRemoteSwiftPackageReference section */
		ABCDEF123456789 /* XCRemoteSwiftPackageReference "Alamofire" */ = {
			isa = XCRemoteSwiftPackageReference;
			repositoryURL = "https://github.com/Alamofire/Alamofire.git";
			requirement = {
				kind = upToNextMajorVersion;
				minimumVersion = 5.8.0;
			};
		};
/* End XCRemoteSwiftPackageReference section */

/* Begin XCSwiftPackageProductDependency section */
		ABCDEF12345678A /* Alamofire */ = {
			isa = XCSwiftPackageProductDependency;
			package = ABCDEF123456789 /* XCRemoteSwiftPackageReference "Alamofire" */;
			productName = Alamofire;
		};
/* End XCSwiftPackageProductDependency section */
	};
	rootObject = 1234567890ABCDFB /* Project object */;
}
